
Microsoft Visual Studio Solution File, Format Version 12.00
# Visual Studio 15
VisualStudioVersion = 15.0.28010.2036
MinimumVisualStudioVersion = 10.0.40219.1
Project("{FAE04EC0-301F-11D3-BF4B-00C04F79EFBC}") = "PaginationTest.Server", "PaginationTest.Server\PaginationTest.Server.csproj", "{38757926-481B-44C5-A58A-8EB74CF927C3}"
EndProject
Project("{FAE04EC0-301F-11D3-BF4B-00C04F79EFBC}") = "PaginationTest.Client", "PaginationTest.Client\PaginationTest.Client.csproj", "{67B132E0-2F31-4D08-B79C-C256CB666AEB}"
EndProject
Project("{FAE04EC0-301F-11D3-BF4B-00C04F79EFBC}") = "PaginationTest.Shared", "PaginationTest.Shared\PaginationTest.Shared.csproj", "{F0C78715-73F5-43E8-8A4A-9489C20A880E}"
EndProject
Global
	GlobalSection(SolutionConfigurationPlatforms) = preSolution
		Debug|Any CPU = Debug|Any CPU
		Release|Any CPU = Release|Any CPU
	EndGlobalSection
	GlobalSection(ProjectConfigurationPlatforms) = postSolution
		{38757926-481B-44C5-A58A-8EB74CF927C3}.Debug|Any CPU.ActiveCfg = Debug|Any CPU
		{38757926-481B-44C5-A58A-8EB74CF927C3}.Debug|Any CPU.Build.0 = Debug|Any CPU
		{38757926-481B-44C5-A58A-8EB74CF927C3}.Release|Any CPU.ActiveCfg = Release|Any CPU
		{38757926-481B-44C5-A58A-8EB74CF927C3}.Release|Any CPU.Build.0 = Release|Any CPU
		{67B132E0-2F31-4D08-B79C-C256CB666AEB}.Debug|Any CPU.ActiveCfg = Debug|Any CPU
		{67B132E0-2F31-4D08-B79C-C256CB666AEB}.Debug|Any CPU.Build.0 = Debug|Any CPU
		{67B132E0-2F31-4D08-B79C-C256CB666AEB}.Release|Any CPU.ActiveCfg = Release|Any CPU
		{67B132E0-2F31-4D08-B79C-C256CB666AEB}.Release|Any CPU.Build.0 = Release|Any CPU
		{F0C78715-73F5-43E8-8A4A-9489C20A880E}.Debug|Any CPU.ActiveCfg = Debug|Any CPU
		{F0C78715-73F5-43E8-8A4A-9489C20A880E}.Debug|Any CPU.Build.0 = Debug|Any CPU
		{F0C78715-73F5-43E8-8A4A-9489C20A880E}.Release|Any CPU.ActiveCfg = Release|Any CPU
		{F0C78715-73F5-43E8-8A4A-9489C20A880E}.Release|Any CPU.Build.0 = Release|Any CPU
	EndGlobalSection
	GlobalSection(SolutionProperties) = preSolution
		HideSolutionNode = FALSE
	EndGlobalSection
	GlobalSection(ExtensibilityGlobals) = postSolution
		SolutionGuid = {D4C82400-69C1-4C77-8411-54B0A6D4ECE1}
	EndGlobalSection
EndGlobal
